
Microsoft Visual Studio Solution File, Format Version 12.00
# Visual Studio Version 16
VisualStudioVersion = 16.0.29613.14
MinimumVisualStudioVersion = 10.0.40219.1
Project("{FAE04EC0-301F-11D3-BF4B-00C04F79EFBC}") = "NETCORE.WebApp", "NETCORE.WebApp\NETCORE.WebApp.csproj", "{D96EE2AA-2A85-4309-B0EF-5B4AD232CF06}"
EndProject
Global
	GlobalSection(SolutionConfigurationPlatforms) = preSolution
		Debug|Any CPU = Debug|Any CPU
		Release|Any CPU = Release|Any CPU
	EndGlobalSection
	GlobalSection(ProjectConfigurationPlatforms) = postSolution
		{D96EE2AA-2A85-4309-B0EF-5B4AD232CF06}.Debug|Any CPU.ActiveCfg = Debug|Any CPU
		{D96EE2AA-2A85-4309-B0EF-5B4AD232CF06}.Debug|Any CPU.Build.0 = Debug|Any CPU
		{D96EE2AA-2A85-4309-B0EF-5B4AD232CF06}.Release|Any CPU.ActiveCfg = Release|Any CPU
		{D96EE2AA-2A85-4309-B0EF-5B4AD232CF06}.Release|Any CPU.Build.0 = Release|Any CPU
	EndGlobalSection
	GlobalSection(SolutionProperties) = preSolution
		HideSolutionNode = FALSE
	EndGlobalSection
	GlobalSection(ExtensibilityGlobals) = postSolution
		SolutionGuid = {C1FD6474-5810-40A7-B749-7C50CC6B56C6}
	EndGlobalSection
EndGlobal
